{
	"name": "waveguide-browser-main",
	"version": "0.0.0",
	"lockfileVersion": 1,
	"requires": true,
	"dependencies": {
		"autobind-decorator": {
			"version": "2.4.0",
			"resolved": "https://registry.npmjs.org/autobind-decorator/-/autobind-decorator-2.4.0.tgz",
			"integrity": "sha512-OGYhWUO72V6DafbF8PM8rm3EPbfuyMZcJhtm5/n26IDwO18pohE4eNazLoCGhPiXOCD0gEGmrbU3849QvM8bbw==",
			"dev": true
		},
		"fp-ts": {
			"version": "1.18.1",
			"resolved": "https://registry.npmjs.org/fp-ts/-/fp-ts-1.18.1.tgz",
			"integrity": "sha512-esfGgsuc0S9Q23YnoWQH4DrnBIJ7LCbA7AsUKFwawVsYmVZ7Cl+3cjd8nAhJLWwpUKDRsBsMJOf+uX4ZakZMsQ==",
			"dev": true
		},
		"fp-ts-contrib": {
			"version": "0.0.3",
			"resolved": "https://registry.npmjs.org/fp-ts-contrib/-/fp-ts-contrib-0.0.3.tgz",
			"integrity": "sha512-qfFKSnbmPtq2eHOzx03teUqMd/ezE8siNvZKApKK8/XR7jDJ891xXURMWHgE9VkjK8Wqc5WpHeHA1LrcUd9VaQ==",
			"dev": true,
			"requires": {
				"fp-ts": "^1.14.3"
			}
		},
		"monocle-ts": {
			"version": "1.7.2",
			"resolved": "https://registry.npmjs.org/monocle-ts/-/monocle-ts-1.7.2.tgz",
			"integrity": "sha512-F08hPUzQ14vOtac2vOagnvXPr0R0MRKWXF6Bwd3gQ4XnV2qfU0MzPL+L18kX4dXBkat74pxbL88V1BjAj3YOWg==",
			"dev": true
		},
		"waveguide": {
			"version": "0.4.2",
			"resolved": "https://registry.npmjs.org/waveguide/-/waveguide-0.4.2.tgz",
			"integrity": "sha512-g2miPZ4oIYxkB8w9lwYmWIYy1uZ7UBHHV86KenmO39GWNIB9o0fMSJmvyxmPiWQMnA0nX7IZuPeHDcGwQhwO6Q==",
			"dev": true,
			"requires": {
				"autobind-decorator": "^2.4.0",
				"fp-ts-contrib": "0.0.3",
				"monocle-ts": "^1.7.1"
			}
		}
	}
}
